
Microsoft Visual Studio Solution File, Format Version 12.00
# Visual Studio Version 17
VisualStudioVersion = 17.14.36414.22
MinimumVisualStudioVersion = 10.0.40219.1
Project("{2150E333-8FDC-42A3-9474-1A3956D46DE8}") = "src", "src", "{02EA681E-C7D8-13C7-8484-4AC65E1B71E8}"
EndProject
Project("{2150E333-8FDC-42A3-9474-1A3956D46DE8}") = "Adapters", "Adapters", "{25FC435C-4337-4F9C-864B-4B70C0ACE1D3}"
EndProject
Project("{2150E333-8FDC-42A3-9474-1A3956D46DE8}") = "Core", "Core", "{060D4842-7E80-450A-85BA-7DE10CA0D94C}"
EndProject
Project("{2150E333-8FDC-42A3-9474-1A3956D46DE8}") = "Driven", "Driven", "{6843DCDD-DFB0-45E8-8E39-6B555CC92F0F}"
EndProject
Project("{2150E333-8FDC-42A3-9474-1A3956D46DE8}") = "Driving", "Driving", "{1970E74B-B68E-4DED-B285-16221AEFE61C}"
EndProject
Project("{FAE04EC0-301F-11D3-BF4B-00C04F79EFBC}") = "Infra.Database.SqlServer", "src\Adapters\Driven\Infra.Database.SqlServer\Infra.Database.SqlServer.csproj", "{11459DBB-E1B9-43AF-BA12-740F77F01EE5}"
EndProject
Project("{FAE04EC0-301F-11D3-BF4B-00C04F79EFBC}") = "Application", "src\Core\Application\Application\Application.csproj", "{8ED7A8A2-72B4-F929-85F2-F6DCE36001EA}"
EndProject
Project("{FAE04EC0-301F-11D3-BF4B-00C04F79EFBC}") = "Domain", "src\Core\Domain\Domain\Domain.csproj", "{C8E776D9-BA86-DC5C-E6AF-DEAB8E35AB96}"
EndProject
Project("{2150E333-8FDC-42A3-9474-1A3956D46DE8}") = "Itens de Solução", "Itens de Solução", "{380A7511-A354-6D7A-0CC0-8FA1F1BA7B6C}"
	ProjectSection(SolutionItems) = preProject
		docker-compose.yml = docker-compose.yml
	EndProjectSection
EndProject
Project("{FAE04EC0-301F-11D3-BF4B-00C04F79EFBC}") = "TechChallengeUsers.API", "src\Adapters\Driving\TechChallengeUsers.API\TechChallengeUsers.API.csproj", "{342795B3-B2C3-E395-5BC1-C61B77FF3EFC}"
EndProject
Project("{FAE04EC0-301F-11D3-BF4B-00C04F79EFBC}") = "Infra.Password", "src\Adapters\Driven\Infra.Password\Infra.Password.csproj", "{71B32350-9E59-43D6-8969-EE6CDD1573B7}"
EndProject
Global
	GlobalSection(SolutionConfigurationPlatforms) = preSolution
		Debug|Any CPU = Debug|Any CPU
		Debug|x64 = Debug|x64
		Debug|x86 = Debug|x86
		Release|Any CPU = Release|Any CPU
		Release|x64 = Release|x64
		Release|x86 = Release|x86
	EndGlobalSection
	GlobalSection(ProjectConfigurationPlatforms) = postSolution
		{11459DBB-E1B9-43AF-BA12-740F77F01EE5}.Debug|Any CPU.ActiveCfg = Debug|Any CPU
		{11459DBB-E1B9-43AF-BA12-740F77F01EE5}.Debug|Any CPU.Build.0 = Debug|Any CPU
		{11459DBB-E1B9-43AF-BA12-740F77F01EE5}.Debug|x64.ActiveCfg = Debug|Any CPU
		{11459DBB-E1B9-43AF-BA12-740F77F01EE5}.Debug|x64.Build.0 = Debug|Any CPU
		{11459DBB-E1B9-43AF-BA12-740F77F01EE5}.Debug|x86.ActiveCfg = Debug|Any CPU
		{11459DBB-E1B9-43AF-BA12-740F77F01EE5}.Debug|x86.Build.0 = Debug|Any CPU
		{11459DBB-E1B9-43AF-BA12-740F77F01EE5}.Release|Any CPU.ActiveCfg = Release|Any CPU
		{11459DBB-E1B9-43AF-BA12-740F77F01EE5}.Release|Any CPU.Build.0 = Release|Any CPU
		{11459DBB-E1B9-43AF-BA12-740F77F01EE5}.Release|x64.ActiveCfg = Release|Any CPU
		{11459DBB-E1B9-43AF-BA12-740F77F01EE5}.Release|x64.Build.0 = Release|Any CPU
		{11459DBB-E1B9-43AF-BA12-740F77F01EE5}.Release|x86.ActiveCfg = Release|Any CPU
		{11459DBB-E1B9-43AF-BA12-740F77F01EE5}.Release|x86.Build.0 = Release|Any CPU
		{8ED7A8A2-72B4-F929-85F2-F6DCE36001EA}.Debug|Any CPU.ActiveCfg = Debug|Any CPU
		{8ED7A8A2-72B4-F929-85F2-F6DCE36001EA}.Debug|Any CPU.Build.0 = Debug|Any CPU
		{8ED7A8A2-72B4-F929-85F2-F6DCE36001EA}.Debug|x64.ActiveCfg = Debug|Any CPU
		{8ED7A8A2-72B4-F929-85F2-F6DCE36001EA}.Debug|x64.Build.0 = Debug|Any CPU
		{8ED7A8A2-72B4-F929-85F2-F6DCE36001EA}.Debug|x86.ActiveCfg = Debug|Any CPU
		{8ED7A8A2-72B4-F929-85F2-F6DCE36001EA}.Debug|x86.Build.0 = Debug|Any CPU
		{8ED7A8A2-72B4-F929-85F2-F6DCE36001EA}.Release|Any CPU.ActiveCfg = Release|Any CPU
		{8ED7A8A2-72B4-F929-85F2-F6DCE36001EA}.Release|Any CPU.Build.0 = Release|Any CPU
		{8ED7A8A2-72B4-F929-85F2-F6DCE36001EA}.Release|x64.ActiveCfg = Release|Any CPU
		{8ED7A8A2-72B4-F929-85F2-F6DCE36001EA}.Release|x64.Build.0 = Release|Any CPU
		{8ED7A8A2-72B4-F929-85F2-F6DCE36001EA}.Release|x86.ActiveCfg = Release|Any CPU
		{8ED7A8A2-72B4-F929-85F2-F6DCE36001EA}.Release|x86.Build.0 = Release|Any CPU
		{C8E776D9-BA86-DC5C-E6AF-DEAB8E35AB96}.Debug|Any CPU.ActiveCfg = Debug|Any CPU
		{C8E776D9-BA86-DC5C-E6AF-DEAB8E35AB96}.Debug|Any CPU.Build.0 = Debug|Any CPU
		{C8E776D9-BA86-DC5C-E6AF-DEAB8E35AB96}.Debug|x64.ActiveCfg = Debug|Any CPU
		{C8E776D9-BA86-DC5C-E6AF-DEAB8E35AB96}.Debug|x64.Build.0 = Debug|Any CPU
		{C8E776D9-BA86-DC5C-E6AF-DEAB8E35AB96}.Debug|x86.ActiveCfg = Debug|Any CPU
		{C8E776D9-BA86-DC5C-E6AF-DEAB8E35AB96}.Debug|x86.Build.0 = Debug|Any CPU
		{C8E776D9-BA86-DC5C-E6AF-DEAB8E35AB96}.Release|Any CPU.ActiveCfg = Release|Any CPU
		{C8E776D9-BA86-DC5C-E6AF-DEAB8E35AB96}.Release|Any CPU.Build.0 = Release|Any CPU
		{C8E776D9-BA86-DC5C-E6AF-DEAB8E35AB96}.Release|x64.ActiveCfg = Release|Any CPU
		{C8E776D9-BA86-DC5C-E6AF-DEAB8E35AB96}.Release|x64.Build.0 = Release|Any CPU
		{C8E776D9-BA86-DC5C-E6AF-DEAB8E35AB96}.Release|x86.ActiveCfg = Release|Any CPU
		{C8E776D9-BA86-DC5C-E6AF-DEAB8E35AB96}.Release|x86.Build.0 = Release|Any CPU
		{342795B3-B2C3-E395-5BC1-C61B77FF3EFC}.Debug|Any CPU.ActiveCfg = Debug|Any CPU
		{342795B3-B2C3-E395-5BC1-C61B77FF3EFC}.Debug|Any CPU.Build.0 = Debug|Any CPU
		{342795B3-B2C3-E395-5BC1-C61B77FF3EFC}.Debug|x64.ActiveCfg = Debug|Any CPU
		{342795B3-B2C3-E395-5BC1-C61B77FF3EFC}.Debug|x64.Build.0 = Debug|Any CPU
		{342795B3-B2C3-E395-5BC1-C61B77FF3EFC}.Debug|x86.ActiveCfg = Debug|Any CPU
		{342795B3-B2C3-E395-5BC1-C61B77FF3EFC}.Debug|x86.Build.0 = Debug|Any CPU
		{342795B3-B2C3-E395-5BC1-C61B77FF3EFC}.Release|Any CPU.ActiveCfg = Release|Any CPU
		{342795B3-B2C3-E395-5BC1-C61B77FF3EFC}.Release|Any CPU.Build.0 = Release|Any CPU
		{342795B3-B2C3-E395-5BC1-C61B77FF3EFC}.Release|x64.ActiveCfg = Release|Any CPU
		{342795B3-B2C3-E395-5BC1-C61B77FF3EFC}.Release|x64.Build.0 = Release|Any CPU
		{342795B3-B2C3-E395-5BC1-C61B77FF3EFC}.Release|x86.ActiveCfg = Release|Any CPU
		{342795B3-B2C3-E395-5BC1-C61B77FF3EFC}.Release|x86.Build.0 = Release|Any CPU
		{71B32350-9E59-43D6-8969-EE6CDD1573B7}.Debug|Any CPU.ActiveCfg = Debug|Any CPU
		{71B32350-9E59-43D6-8969-EE6CDD1573B7}.Debug|Any CPU.Build.0 = Debug|Any CPU
		{71B32350-9E59-43D6-8969-EE6CDD1573B7}.Debug|x64.ActiveCfg = Debug|Any CPU
		{71B32350-9E59-43D6-8969-EE6CDD1573B7}.Debug|x64.Build.0 = Debug|Any CPU
		{71B32350-9E59-43D6-8969-EE6CDD1573B7}.Debug|x86.ActiveCfg = Debug|Any CPU
		{71B32350-9E59-43D6-8969-EE6CDD1573B7}.Debug|x86.Build.0 = Debug|Any CPU
		{71B32350-9E59-43D6-8969-EE6CDD1573B7}.Release|Any CPU.ActiveCfg = Release|Any CPU
		{71B32350-9E59-43D6-8969-EE6CDD1573B7}.Release|Any CPU.Build.0 = Release|Any CPU
		{71B32350-9E59-43D6-8969-EE6CDD1573B7}.Release|x64.ActiveCfg = Release|Any CPU
		{71B32350-9E59-43D6-8969-EE6CDD1573B7}.Release|x64.Build.0 = Release|Any CPU
		{71B32350-9E59-43D6-8969-EE6CDD1573B7}.Release|x86.ActiveCfg = Release|Any CPU
		{71B32350-9E59-43D6-8969-EE6CDD1573B7}.Release|x86.Build.0 = Release|Any CPU
	EndGlobalSection
	GlobalSection(SolutionProperties) = preSolution
		HideSolutionNode = FALSE
	EndGlobalSection
	GlobalSection(NestedProjects) = preSolution
		{25FC435C-4337-4F9C-864B-4B70C0ACE1D3} = {02EA681E-C7D8-13C7-8484-4AC65E1B71E8}
		{060D4842-7E80-450A-85BA-7DE10CA0D94C} = {02EA681E-C7D8-13C7-8484-4AC65E1B71E8}
		{6843DCDD-DFB0-45E8-8E39-6B555CC92F0F} = {25FC435C-4337-4F9C-864B-4B70C0ACE1D3}
		{1970E74B-B68E-4DED-B285-16221AEFE61C} = {25FC435C-4337-4F9C-864B-4B70C0ACE1D3}
		{11459DBB-E1B9-43AF-BA12-740F77F01EE5} = {6843DCDD-DFB0-45E8-8E39-6B555CC92F0F}
		{8ED7A8A2-72B4-F929-85F2-F6DCE36001EA} = {060D4842-7E80-450A-85BA-7DE10CA0D94C}
		{C8E776D9-BA86-DC5C-E6AF-DEAB8E35AB96} = {060D4842-7E80-450A-85BA-7DE10CA0D94C}
		{342795B3-B2C3-E395-5BC1-C61B77FF3EFC} = {1970E74B-B68E-4DED-B285-16221AEFE61C}
		{71B32350-9E59-43D6-8969-EE6CDD1573B7} = {6843DCDD-DFB0-45E8-8E39-6B555CC92F0F}
	EndGlobalSection
	GlobalSection(ExtensibilityGlobals) = postSolution
		SolutionGuid = {88A737C3-EAE7-4F09-8AB5-DB2292FAB4EC}
	EndGlobalSection
EndGlobal
